<?xml version="1.0" encoding="utf-8"?>
<Project ToolsVersion="4.0" xmlns="http://schemas.microsoft.com/developer/msbuild/2003">
  <ItemGroup>
    <Filter Include="Source Files">
      <UniqueIdentifier>{4FC737F1-C7A5-4376-A066-2A32D752A2FF}</UniqueIdentifier>
      <Extensions>cpp;c;cc;cxx;def;odl;idl;hpj;bat;asm;asmx</Extensions>
    </Filter>
    <Filter Include="Header Files">
      <UniqueIdentifier>{93995380-89BD-4b04-88EB-625FBE52EBFB}</UniqueIdentifier>
      <Extensions>h;hh;hpp;hxx;hm;inl;inc;xsd</Extensions>
    </Filter>
    <Filter Include="Resource Files">
      <UniqueIdentifier>{67DA6AB6-F800-4c08-8B7A-83BB121AAD01}</UniqueIdentifier>
      <Extensions>rc;ico;cur;bmp;dlg;rc2;rct;bin;rgs;gif;jpg;jpeg;jpe;resx;tiff;tif;png;wav;mfcribbon-ms</Extensions>
    </Filter>
    <Filter Include="Header Files\Builders">
      <UniqueIdentifier>{26790300-bb97-40c6-843a-c8b45666b07f}</UniqueIdentifier>
    </Filter>
    <Filter Include="Source Files\Builders">
      <UniqueIdentifier>{e9acb0b5-ee50-440d-901d-874a32458894}</UniqueIdentifier>
    </Filter>
  </ItemGroup>
  <ItemGroup>
    <ClCompile Include="main.cpp">
      <Filter>Source Files</Filter>
    </ClCompile>
    <ClCompile Include="ITask.cpp">
      <Filter>Source Files</Filter>
    </ClCompile>
    <ClCompile Include="SampleTask.cpp">
      <Filter>Source Files</Filter>
    </ClCompile>
    <ClCompile Include="GProvider.cpp">
      <Filter>Source Files</Filter>
    </ClCompile>
    <ClCompile Include="GRequestor.cpp">
      <Filter>Source Files</Filter>
    </ClCompile>
    <ClCompile Include="IRNG_wrapper.cpp">
      <Filter>Source Files</Filter>
    </ClCompile>
    <ClCompile Include="RNG_wrapper.cpp">
      <Filter>Source Files</Filter>
    </ClCompile>
    <ClCompile Include="GNetworkGateway.cpp">
      <Filter>Source Files</Filter>
    </ClCompile>
    <ClCompile Include="Simulator.cpp">
      <Filter>Source Files</Filter>
    </ClCompile>
    <ClCompile Include="GBuilder.cpp">
      <Filter>Source Files\Builders</Filter>
    </ClCompile>
    <ClCompile Include="SimulationParameters.cpp">
      <Filter>Source Files</Filter>
    </ClCompile>
    <ClCompile Include="GNode.cpp">
      <Filter>Source Files</Filter>
    </ClCompile>
  </ItemGroup>
  <ItemGroup>
    <ClInclude Include="ITask.h">
      <Filter>Header Files</Filter>
    </ClInclude>
    <ClInclude Include="SampleTask.h">
      <Filter>Header Files</Filter>
    </ClInclude>
    <ClInclude Include="ProviderCharacteristics.h">
      <Filter>Header Files</Filter>
    </ClInclude>
    <ClInclude Include="NotImplementedException.h">
      <Filter>Header Files</Filter>
    </ClInclude>
    <ClInclude Include="GProvider.h">
      <Filter>Header Files</Filter>
    </ClInclude>
    <ClInclude Include="GRequestor.h">
      <Filter>Header Files</Filter>
    </ClInclude>
    <ClInclude Include="GProviderSortingFunctions.h">
      <Filter>Header Files</Filter>
    </ClInclude>
    <ClInclude Include="RNG_wrapper.h">
      <Filter>Header Files</Filter>
    </ClInclude>
    <ClInclude Include="IRNG_wrapper.h">
      <Filter>Header Files</Filter>
    </ClInclude>
    <ClInclude Include="GNetworkGateway.h">
      <Filter>Header Files</Filter>
    </ClInclude>
    <ClInclude Include="Simulator.h">
      <Filter>Header Files</Filter>
    </ClInclude>
    <ClInclude Include="SimulationParameters.h">
      <Filter>Header Files</Filter>
    </ClInclude>
    <ClInclude Include="GBuilder.h">
      <Filter>Header Files\Builders</Filter>
    </ClInclude>
    <ClInclude Include="GNode.h">
      <Filter>Header Files</Filter>
    </ClInclude>
  </ItemGroup>
</Project>